
Microsoft Visual Studio Solution File, Format Version 12.00
# Visual Studio Version 16
VisualStudioVersion = 16.0.30413.136
MinimumVisualStudioVersion = 10.0.40219.1
Project("{FAE04EC0-301F-11D3-BF4B-00C04F79EFBC}") = "AutoDockerhubPull", "AutoDockerhubPull.csproj", "{ACF9D17F-DBF1-4B85-AA92-7E9E3600A8BE}"
EndProject
Global
	GlobalSection(SolutionConfigurationPlatforms) = preSolution
		Debug|Any CPU = Debug|Any CPU
		Release|Any CPU = Release|Any CPU
	EndGlobalSection
	GlobalSection(ProjectConfigurationPlatforms) = postSolution
		{ACF9D17F-DBF1-4B85-AA92-7E9E3600A8BE}.Debug|Any CPU.ActiveCfg = Debug|Any CPU
		{ACF9D17F-DBF1-4B85-AA92-7E9E3600A8BE}.Debug|Any CPU.Build.0 = Debug|Any CPU
		{ACF9D17F-DBF1-4B85-AA92-7E9E3600A8BE}.Release|Any CPU.ActiveCfg = Release|Any CPU
		{ACF9D17F-DBF1-4B85-AA92-7E9E3600A8BE}.Release|Any CPU.Build.0 = Release|Any CPU
	EndGlobalSection
	GlobalSection(SolutionProperties) = preSolution
		HideSolutionNode = FALSE
	EndGlobalSection
	GlobalSection(ExtensibilityGlobals) = postSolution
		SolutionGuid = {6E0A7B08-619D-4074-9CD9-E1DE3DA7A4EE}
	EndGlobalSection
EndGlobal
